
Microsoft Visual Studio Solution File, Format Version 12.00
# Visual Studio 15
VisualStudioVersion = 15.0.26730.16
MinimumVisualStudioVersion = 10.0.40219.1
Project("{FAE04EC0-301F-11D3-BF4B-00C04F79EFBC}") = "CosmosUpdaterCSharp", "CosmosUpdaterCSharp\CosmosUpdaterCSharp.csproj", "{A5488E8F-A6F9-4942-80AA-B949A851B18E}"
EndProject
Global
	GlobalSection(SolutionConfigurationPlatforms) = preSolution
		Debug|Any CPU = Debug|Any CPU
		Release|Any CPU = Release|Any CPU
	EndGlobalSection
	GlobalSection(ProjectConfigurationPlatforms) = postSolution
		{A5488E8F-A6F9-4942-80AA-B949A851B18E}.Debug|Any CPU.ActiveCfg = Debug|Any CPU
		{A5488E8F-A6F9-4942-80AA-B949A851B18E}.Debug|Any CPU.Build.0 = Debug|Any CPU
		{A5488E8F-A6F9-4942-80AA-B949A851B18E}.Release|Any CPU.ActiveCfg = Release|Any CPU
		{A5488E8F-A6F9-4942-80AA-B949A851B18E}.Release|Any CPU.Build.0 = Release|Any CPU
	EndGlobalSection
	GlobalSection(SolutionProperties) = preSolution
		HideSolutionNode = FALSE
	EndGlobalSection
	GlobalSection(ExtensibilityGlobals) = postSolution
		SolutionGuid = {29AE71AF-96F6-415B-A7D4-DE3FD905341A}
	EndGlobalSection
EndGlobal
